
Microsoft Visual Studio Solution File, Format Version 12.00
# Visual Studio 2013
VisualStudioVersion = 12.0.21005.1
MinimumVisualStudioVersion = 10.0.40219.1
Project("{FAE04EC0-301F-11D3-BF4B-00C04F79EFBC}") = "NextUI", "NextUI\NextUI.csproj", "{D8537A6A-9B7D-4423-BF94-0532B7746157}"
EndProject
Project("{2150E333-8FDC-42A3-9474-1A3956D46DE8}") = "Next", "Next", "{F1606188-825C-4B69-9173-B4B77910754F}"
EndProject
Project("{2150E333-8FDC-42A3-9474-1A3956D46DE8}") = "Jssjw", "Jssjw", "{77D7FBD6-ABDD-41B2-91B9-C9FC3258A351}"
EndProject
Project("{FAE04EC0-301F-11D3-BF4B-00C04F79EFBC}") = "LitJSON", "Next\LitJSON\LitJSON.csproj", "{28D9F7BA-2923-4364-9BEA-9E1CCD70DD22}"
EndProject
Project("{FAE04EC0-301F-11D3-BF4B-00C04F79EFBC}") = "Next.Admin", "Next\Next.Admin.Core\Next.Admin.csproj", "{8601BAFD-A7B2-4389-867B-AA6FD8BB6CDC}"
EndProject
Project("{FAE04EC0-301F-11D3-BF4B-00C04F79EFBC}") = "Next.Attachment.Core", "Next\Next.Attachment.Core\Next.Attachment.Core.csproj", "{C216A93E-2572-45FC-BF4C-2691CFAB0A50}"
EndProject
Project("{FAE04EC0-301F-11D3-BF4B-00C04F79EFBC}") = "Next.Framework.Core", "Next\Next.Framework.Core\Next.Framework.Core.csproj", "{8408EA95-7BDB-43B2-9EDB-3F2629B02BDA}"
EndProject
Project("{FAE04EC0-301F-11D3-BF4B-00C04F79EFBC}") = "Next.WorkFlow", "Next\Next.WorkFlow\Next.WorkFlow.csproj", "{FAC6DC07-5D31-4FA4-B7D6-8C34F2FCCD1A}"
EndProject
Project("{FAE04EC0-301F-11D3-BF4B-00C04F79EFBC}") = "Jssjw.Case", "Jssjw\Jssjw.Case\Jssjw.Case.csproj", "{D9882522-E108-4E76-B59D-D990EF3DC427}"
EndProject
Project("{FAE04EC0-301F-11D3-BF4B-00C04F79EFBC}") = "Jssjw.Office", "Jssjw\Jssjw.Office\Jssjw.Office.csproj", "{7E9BA14A-18EE-4B9B-962C-1C6A98A605F8}"
EndProject
Project("{FAE04EC0-301F-11D3-BF4B-00C04F79EFBC}") = "Jssjw.Organization", "Jssjw\Jssjw.Organization\Jssjw.Organization.csproj", "{A322BA23-F108-410B-B95B-6F3003004F03}"
EndProject
Project("{FAE04EC0-301F-11D3-BF4B-00C04F79EFBC}") = "Next.WorkFlow.Utility", "Next.WorkFlow.Utility\Next.WorkFlow.Utility.csproj", "{9062CC04-045E-41DC-B6E3-638279B20890}"
EndProject
Global
	GlobalSection(SolutionConfigurationPlatforms) = preSolution
		Debug|Any CPU = Debug|Any CPU
		Release|Any CPU = Release|Any CPU
	EndGlobalSection
	GlobalSection(ProjectConfigurationPlatforms) = postSolution
		{D8537A6A-9B7D-4423-BF94-0532B7746157}.Debug|Any CPU.ActiveCfg = Debug|Any CPU
		{D8537A6A-9B7D-4423-BF94-0532B7746157}.Debug|Any CPU.Build.0 = Debug|Any CPU
		{D8537A6A-9B7D-4423-BF94-0532B7746157}.Release|Any CPU.ActiveCfg = Release|Any CPU
		{D8537A6A-9B7D-4423-BF94-0532B7746157}.Release|Any CPU.Build.0 = Release|Any CPU
		{28D9F7BA-2923-4364-9BEA-9E1CCD70DD22}.Debug|Any CPU.ActiveCfg = Debug|Any CPU
		{28D9F7BA-2923-4364-9BEA-9E1CCD70DD22}.Debug|Any CPU.Build.0 = Debug|Any CPU
		{28D9F7BA-2923-4364-9BEA-9E1CCD70DD22}.Release|Any CPU.ActiveCfg = Release|Any CPU
		{28D9F7BA-2923-4364-9BEA-9E1CCD70DD22}.Release|Any CPU.Build.0 = Release|Any CPU
		{8601BAFD-A7B2-4389-867B-AA6FD8BB6CDC}.Debug|Any CPU.ActiveCfg = Debug|Any CPU
		{8601BAFD-A7B2-4389-867B-AA6FD8BB6CDC}.Debug|Any CPU.Build.0 = Debug|Any CPU
		{8601BAFD-A7B2-4389-867B-AA6FD8BB6CDC}.Release|Any CPU.ActiveCfg = Release|Any CPU
		{8601BAFD-A7B2-4389-867B-AA6FD8BB6CDC}.Release|Any CPU.Build.0 = Release|Any CPU
		{C216A93E-2572-45FC-BF4C-2691CFAB0A50}.Debug|Any CPU.ActiveCfg = Debug|Any CPU
		{C216A93E-2572-45FC-BF4C-2691CFAB0A50}.Debug|Any CPU.Build.0 = Debug|Any CPU
		{C216A93E-2572-45FC-BF4C-2691CFAB0A50}.Release|Any CPU.ActiveCfg = Release|Any CPU
		{C216A93E-2572-45FC-BF4C-2691CFAB0A50}.Release|Any CPU.Build.0 = Release|Any CPU
		{8408EA95-7BDB-43B2-9EDB-3F2629B02BDA}.Debug|Any CPU.ActiveCfg = Debug|Any CPU
		{8408EA95-7BDB-43B2-9EDB-3F2629B02BDA}.Debug|Any CPU.Build.0 = Debug|Any CPU
		{8408EA95-7BDB-43B2-9EDB-3F2629B02BDA}.Release|Any CPU.ActiveCfg = Release|Any CPU
		{8408EA95-7BDB-43B2-9EDB-3F2629B02BDA}.Release|Any CPU.Build.0 = Release|Any CPU
		{FAC6DC07-5D31-4FA4-B7D6-8C34F2FCCD1A}.Debug|Any CPU.ActiveCfg = Debug|Any CPU
		{FAC6DC07-5D31-4FA4-B7D6-8C34F2FCCD1A}.Debug|Any CPU.Build.0 = Debug|Any CPU
		{FAC6DC07-5D31-4FA4-B7D6-8C34F2FCCD1A}.Release|Any CPU.ActiveCfg = Release|Any CPU
		{FAC6DC07-5D31-4FA4-B7D6-8C34F2FCCD1A}.Release|Any CPU.Build.0 = Release|Any CPU
		{D9882522-E108-4E76-B59D-D990EF3DC427}.Debug|Any CPU.ActiveCfg = Debug|Any CPU
		{D9882522-E108-4E76-B59D-D990EF3DC427}.Debug|Any CPU.Build.0 = Debug|Any CPU
		{D9882522-E108-4E76-B59D-D990EF3DC427}.Release|Any CPU.ActiveCfg = Release|Any CPU
		{D9882522-E108-4E76-B59D-D990EF3DC427}.Release|Any CPU.Build.0 = Release|Any CPU
		{7E9BA14A-18EE-4B9B-962C-1C6A98A605F8}.Debug|Any CPU.ActiveCfg = Debug|Any CPU
		{7E9BA14A-18EE-4B9B-962C-1C6A98A605F8}.Debug|Any CPU.Build.0 = Debug|Any CPU
		{7E9BA14A-18EE-4B9B-962C-1C6A98A605F8}.Release|Any CPU.ActiveCfg = Release|Any CPU
		{7E9BA14A-18EE-4B9B-962C-1C6A98A605F8}.Release|Any CPU.Build.0 = Release|Any CPU
		{A322BA23-F108-410B-B95B-6F3003004F03}.Debug|Any CPU.ActiveCfg = Debug|Any CPU
		{A322BA23-F108-410B-B95B-6F3003004F03}.Debug|Any CPU.Build.0 = Debug|Any CPU
		{A322BA23-F108-410B-B95B-6F3003004F03}.Release|Any CPU.ActiveCfg = Release|Any CPU
		{A322BA23-F108-410B-B95B-6F3003004F03}.Release|Any CPU.Build.0 = Release|Any CPU
		{9062CC04-045E-41DC-B6E3-638279B20890}.Debug|Any CPU.ActiveCfg = Debug|Any CPU
		{9062CC04-045E-41DC-B6E3-638279B20890}.Debug|Any CPU.Build.0 = Debug|Any CPU
		{9062CC04-045E-41DC-B6E3-638279B20890}.Release|Any CPU.ActiveCfg = Release|Any CPU
		{9062CC04-045E-41DC-B6E3-638279B20890}.Release|Any CPU.Build.0 = Release|Any CPU
	EndGlobalSection
	GlobalSection(SolutionProperties) = preSolution
		HideSolutionNode = FALSE
	EndGlobalSection
	GlobalSection(NestedProjects) = preSolution
		{28D9F7BA-2923-4364-9BEA-9E1CCD70DD22} = {F1606188-825C-4B69-9173-B4B77910754F}
		{8601BAFD-A7B2-4389-867B-AA6FD8BB6CDC} = {F1606188-825C-4B69-9173-B4B77910754F}
		{C216A93E-2572-45FC-BF4C-2691CFAB0A50} = {F1606188-825C-4B69-9173-B4B77910754F}
		{8408EA95-7BDB-43B2-9EDB-3F2629B02BDA} = {F1606188-825C-4B69-9173-B4B77910754F}
		{FAC6DC07-5D31-4FA4-B7D6-8C34F2FCCD1A} = {F1606188-825C-4B69-9173-B4B77910754F}
		{9062CC04-045E-41DC-B6E3-638279B20890} = {F1606188-825C-4B69-9173-B4B77910754F}
		{D9882522-E108-4E76-B59D-D990EF3DC427} = {77D7FBD6-ABDD-41B2-91B9-C9FC3258A351}
		{7E9BA14A-18EE-4B9B-962C-1C6A98A605F8} = {77D7FBD6-ABDD-41B2-91B9-C9FC3258A351}
		{A322BA23-F108-410B-B95B-6F3003004F03} = {77D7FBD6-ABDD-41B2-91B9-C9FC3258A351}
	EndGlobalSection
EndGlobal
